// !$*UTF8*$!
{
	archiveVersion = 1;
	classes = {
	};
	objectVersion = 46;
	objects = {

/* Begin PBXBuildFile section */
		B55FDC2E1A3DCC8F00E3C4DA /* libhfstospell.a in Frameworks */ = {isa = PBXBuildFile; fileRef = B55FDC2C1A3DCC8F00E3C4DA /* libhfstospell.a */; };
		B55FDC2F1A3DCC9000E3C4DA /* libvoikko.a in Frameworks */ = {isa = PBXBuildFile; fileRef = B55FDC2D1A3DCC8F00E3C4DA /* libvoikko.a */; };
		B55FDC331A3DCCB700E3C4DA /* libxml2.dylib in Frameworks */ = {isa = PBXBuildFile; fileRef = B55FDC321A3DCCB700E3C4DA /* libxml2.dylib */; };
		B55FDC351A3DCD8900E3C4DA /* corevoikko in Resources */ = {isa = PBXBuildFile; fileRef = B55FDC341A3DCD8900E3C4DA /* corevoikko */; };
		B55FDC3B1A3DD06700E3C4DA /* CocoaVoikko.m in Sources */ = {isa = PBXBuildFile; fileRef = B55FDC3A1A3DD06700E3C4DA /* CocoaVoikko.m */; };
		B56EB5EA1A3D01F0001DA69D /* main.m in Sources */ = {isa = PBXBuildFile; fileRef = B56EB5E91A3D01F0001DA69D /* main.m */; };
		B56EB5FB1A3D01F1001DA69D /* MacVoikkoTests.m in Sources */ = {isa = PBXBuildFile; fileRef = B56EB5FA1A3D01F1001DA69D /* MacVoikkoTests.m */; };
		B5ED17EF1A3E86610054A8C7 /* libstdc++.dylib in Frameworks */ = {isa = PBXBuildFile; fileRef = B5ED17EE1A3E86610054A8C7 /* libstdc++.dylib */; };
		B5ED17F11A3E87550054A8C7 /* libc++.dylib in Frameworks */ = {isa = PBXBuildFile; fileRef = B5ED17F01A3E87540054A8C7 /* libc++.dylib */; };
/* End PBXBuildFile section */

/* Begin PBXContainerItemProxy section */
		B56EB5F51A3D01F1001DA69D /* PBXContainerItemProxy */ = {
			isa = PBXContainerItemProxy;
			containerPortal = B56EB5D91A3D01EF001DA69D /* Project object */;
			proxyType = 1;
			remoteGlobalIDString = B56EB5E01A3D01F0001DA69D;
			remoteInfo = MacVoikko;
		};
/* End PBXContainerItemProxy section */

/* Begin PBXFileReference section */
		B55FDC2C1A3DCC8F00E3C4DA /* libhfstospell.a */ = {isa = PBXFileReference; lastKnownFileType = archive.ar; path = libhfstospell.a; sourceTree = "<group>"; };
		B55FDC2D1A3DCC8F00E3C4DA /* libvoikko.a */ = {isa = PBXFileReference; lastKnownFileType = archive.ar; path = libvoikko.a; sourceTree = "<group>"; };
		B55FDC301A3DCCB000E3C4DA /* libarchive.dylib */ = {isa = PBXFileReference; lastKnownFileType = "compiled.mach-o.dylib"; name = libarchive.dylib; path = usr/lib/libarchive.dylib; sourceTree = SDKROOT; };
		B55FDC321A3DCCB700E3C4DA /* libxml2.dylib */ = {isa = PBXFileReference; lastKnownFileType = "compiled.mach-o.dylib"; name = libxml2.dylib; path = usr/lib/libxml2.dylib; sourceTree = SDKROOT; };
		B55FDC341A3DCD8900E3C4DA /* corevoikko */ = {isa = PBXFileReference; lastKnownFileType = folder; path = corevoikko; sourceTree = "<group>"; };
		B55FDC391A3DD06700E3C4DA /* CocoaVoikko.h */ = {isa = PBXFileReference; fileEncoding = 4; lastKnownFileType = sourcecode.c.h; path = CocoaVoikko.h; sourceTree = "<group>"; };
		B55FDC3A1A3DD06700E3C4DA /* CocoaVoikko.m */ = {isa = PBXFileReference; fileEncoding = 4; lastKnownFileType = sourcecode.c.objc; path = CocoaVoikko.m; sourceTree = "<group>"; };
		B56EB5E11A3D01F0001DA69D /* MacVoikko.app */ = {isa = PBXFileReference; explicitFileType = wrapper.application; includeInIndex = 0; path = MacVoikko.app; sourceTree = BUILT_PRODUCTS_DIR; };
		B56EB5E51A3D01F0001DA69D /* Info.plist */ = {isa = PBXFileReference; lastKnownFileType = text.plist.xml; path = Info.plist; sourceTree = "<group>"; };
		B56EB5E91A3D01F0001DA69D /* main.m */ = {isa = PBXFileReference; lastKnownFileType = sourcecode.c.objc; path = main.m; sourceTree = "<group>"; };
		B56EB5F41A3D01F1001DA69D /* MacVoikkoTests.xctest */ = {isa = PBXFileReference; explicitFileType = wrapper.cfbundle; includeInIndex = 0; path = MacVoikkoTests.xctest; sourceTree = BUILT_PRODUCTS_DIR; };
		B56EB5F91A3D01F1001DA69D /* Info.plist */ = {isa = PBXFileReference; lastKnownFileType = text.plist.xml; path = Info.plist; sourceTree = "<group>"; };
		B56EB5FA1A3D01F1001DA69D /* MacVoikkoTests.m */ = {isa = PBXFileReference; lastKnownFileType = sourcecode.c.objc; path = MacVoikkoTests.m; sourceTree = "<group>"; };
		B5ED17EE1A3E86610054A8C7 /* libstdc++.dylib */ = {isa = PBXFileReference; lastKnownFileType = "compiled.mach-o.dylib"; name = "libstdc++.dylib"; path = "usr/lib/libstdc++.dylib"; sourceTree = SDKROOT; };
		B5ED17F01A3E87540054A8C7 /* libc++.dylib */ = {isa = PBXFileReference; lastKnownFileType = "compiled.mach-o.dylib"; name = "libc++.dylib"; path = "usr/lib/libc++.dylib"; sourceTree = SDKROOT; };
/* End PBXFileReference section */

/* Begin PBXFrameworksBuildPhase section */
		B56EB5DE1A3D01F0001DA69D /* Frameworks */ = {
			isa = PBXFrameworksBuildPhase;
			buildActionMask = 2147483647;
			files = (
				B5ED17F11A3E87550054A8C7 /* libc++.dylib in Frameworks */,
				B5ED17EF1A3E86610054A8C7 /* libstdc++.dylib in Frameworks */,
				B55FDC331A3DCCB700E3C4DA /* libxml2.dylib in Frameworks */,
				B55FDC2F1A3DCC9000E3C4DA /* libvoikko.a in Frameworks */,
				B55FDC2E1A3DCC8F00E3C4DA /* libhfstospell.a in Frameworks */,
			);
			runOnlyForDeploymentPostprocessing = 0;
		};
		B56EB5F11A3D01F1001DA69D /* Frameworks */ = {
			isa = PBXFrameworksBuildPhase;
			buildActionMask = 2147483647;
			files = (
			);
			runOnlyForDeploymentPostprocessing = 0;
		};
/* End PBXFrameworksBuildPhase section */

/* Begin PBXGroup section */
		B55FDC2B1A3DCC8E00E3C4DA /* libs */ = {
			isa = PBXGroup;
			children = (
				B55FDC2C1A3DCC8F00E3C4DA /* libhfstospell.a */,
				B55FDC2D1A3DCC8F00E3C4DA /* libvoikko.a */,
			);
			path = libs;
			sourceTree = "<group>";
		};
		B56EB5D81A3D01EF001DA69D = {
			isa = PBXGroup;
			children = (
				B5ED17F01A3E87540054A8C7 /* libc++.dylib */,
				B5ED17EE1A3E86610054A8C7 /* libstdc++.dylib */,
				B55FDC321A3DCCB700E3C4DA /* libxml2.dylib */,
				B55FDC301A3DCCB000E3C4DA /* libarchive.dylib */,
				B56EB5E31A3D01F0001DA69D /* MacVoikko */,
				B56EB5F71A3D01F1001DA69D /* MacVoikkoTests */,
				B56EB5E21A3D01F0001DA69D /* Products */,
				B55FDC2B1A3DCC8E00E3C4DA /* libs */,
				B55FDC341A3DCD8900E3C4DA /* corevoikko */,
			);
			sourceTree = "<group>";
		};
		B56EB5E21A3D01F0001DA69D /* Products */ = {
			isa = PBXGroup;
			children = (
				B56EB5E11A3D01F0001DA69D /* MacVoikko.app */,
				B56EB5F41A3D01F1001DA69D /* MacVoikkoTests.xctest */,
			);
			name = Products;
			sourceTree = "<group>";
		};
		B56EB5E31A3D01F0001DA69D /* MacVoikko */ = {
			isa = PBXGroup;
			children = (
				B56EB5E51A3D01F0001DA69D /* Info.plist */,
				B56EB5E91A3D01F0001DA69D /* main.m */,
				B55FDC391A3DD06700E3C4DA /* CocoaVoikko.h */,
				B55FDC3A1A3DD06700E3C4DA /* CocoaVoikko.m */,
			);
			path = MacVoikko;
			sourceTree = "<group>";
		};
		B56EB5F71A3D01F1001DA69D /* MacVoikkoTests */ = {
			isa = PBXGroup;
			children = (
				B56EB5FA1A3D01F1001DA69D /* MacVoikkoTests.m */,
				B56EB5F81A3D01F1001DA69D /* Supporting Files */,
			);
			path = MacVoikkoTests;
			sourceTree = "<group>";
		};
		B56EB5F81A3D01F1001DA69D /* Supporting Files */ = {
			isa = PBXGroup;
			children = (
				B56EB5F91A3D01F1001DA69D /* Info.plist */,
			);
			name = "Supporting Files";
			sourceTree = "<group>";
		};
/* End PBXGroup section */

/* Begin PBXNativeTarget section */
		B56EB5E01A3D01F0001DA69D /* MacVoikko */ = {
			isa = PBXNativeTarget;
			buildConfigurationList = B56EB5FE1A3D01F2001DA69D /* Build configuration list for PBXNativeTarget "MacVoikko" */;
			buildPhases = (
				B56EB5DD1A3D01F0001DA69D /* Sources */,
				B56EB5DE1A3D01F0001DA69D /* Frameworks */,
				B56EB5DF1A3D01F0001DA69D /* Resources */,
			);
			buildRules = (
			);
			dependencies = (
			);
			name = MacVoikko;
			productName = MacVoikko;
			productReference = B56EB5E11A3D01F0001DA69D /* MacVoikko.app */;
			productType = "com.apple.product-type.application";
		};
		B56EB5F31A3D01F1001DA69D /* MacVoikkoTests */ = {
			isa = PBXNativeTarget;
			buildConfigurationList = B56EB6011A3D01F2001DA69D /* Build configuration list for PBXNativeTarget "MacVoikkoTests" */;
			buildPhases = (
				B56EB5F01A3D01F1001DA69D /* Sources */,
				B56EB5F11A3D01F1001DA69D /* Frameworks */,
				B56EB5F21A3D01F1001DA69D /* Resources */,
			);
			buildRules = (
			);
			dependencies = (
				B56EB5F61A3D01F1001DA69D /* PBXTargetDependency */,
			);
			name = MacVoikkoTests;
			productName = MacVoikkoTests;
			productReference = B56EB5F41A3D01F1001DA69D /* MacVoikkoTests.xctest */;
			productType = "com.apple.product-type.bundle.unit-test";
		};
/* End PBXNativeTarget section */

/* Begin PBXProject section */
		B56EB5D91A3D01EF001DA69D /* Project object */ = {
			isa = PBXProject;
			attributes = {
				LastUpgradeCheck = 0610;
				ORGANIZATIONNAME = Voikko;
				TargetAttributes = {
					B56EB5E01A3D01F0001DA69D = {
						CreatedOnToolsVersion = 6.1.1;
					};
					B56EB5F31A3D01F1001DA69D = {
						CreatedOnToolsVersion = 6.1.1;
						TestTargetID = B56EB5E01A3D01F0001DA69D;
					};
				};
			};
			buildConfigurationList = B56EB5DC1A3D01F0001DA69D /* Build configuration list for PBXProject "MacVoikko" */;
			compatibilityVersion = "Xcode 3.2";
			developmentRegion = English;
			hasScannedForEncodings = 0;
			knownRegions = (
				en,
				Base,
			);
			mainGroup = B56EB5D81A3D01EF001DA69D;
			productRefGroup = B56EB5E21A3D01F0001DA69D /* Products */;
			projectDirPath = "";
			projectRoot = "";
			targets = (
				B56EB5E01A3D01F0001DA69D /* MacVoikko */,
				B56EB5F31A3D01F1001DA69D /* MacVoikkoTests */,
			);
		};
/* End PBXProject section */

/* Begin PBXResourcesBuildPhase section */
		B56EB5DF1A3D01F0001DA69D /* Resources */ = {
			isa = PBXResourcesBuildPhase;
			buildActionMask = 2147483647;
			files = (
				B55FDC351A3DCD8900E3C4DA /* corevoikko in Resources */,
			);
			runOnlyForDeploymentPostprocessing = 0;
		};
		B56EB5F21A3D01F1001DA69D /* Resources */ = {
			isa = PBXResourcesBuildPhase;
			buildActionMask = 2147483647;
			files = (
			);
			runOnlyForDeploymentPostprocessing = 0;
		};
/* End PBXResourcesBuildPhase section */

/* Begin PBXSourcesBuildPhase section */
		B56EB5DD1A3D01F0001DA69D /* Sources */ = {
			isa = PBXSourcesBuildPhase;
			buildActionMask = 2147483647;
			files = (
				B55FDC3B1A3DD06700E3C4DA /* CocoaVoikko.m in Sources */,
				B56EB5EA1A3D01F0001DA69D /* main.m in Sources */,
			);
			runOnlyForDeploymentPostprocessing = 0;
		};
		B56EB5F01A3D01F1001DA69D /* Sources */ = {
			isa = PBXSourcesBuildPhase;
			buildActionMask = 2147483647;
			files = (
				B56EB5FB1A3D01F1001DA69D /* MacVoikkoTests.m in Sources */,
			);
			runOnlyForDeploymentPostprocessing = 0;
		};
/* End PBXSourcesBuildPhase section */

/* Begin PBXTargetDependency section */
		B56EB5F61A3D01F1001DA69D /* PBXTargetDependency */ = {
			isa = PBXTargetDependency;
			target = B56EB5E01A3D01F0001DA69D /* MacVoikko */;
			targetProxy = B56EB5F51A3D01F1001DA69D /* PBXContainerItemProxy */;
		};
/* End PBXTargetDependency section */

/* Begin XCBuildConfiguration section */
		B56EB5FC1A3D01F1001DA69D /* Debug */ = {
			isa = XCBuildConfiguration;
			buildSettings = {
				ALWAYS_SEARCH_USER_PATHS = NO;
				CLANG_CXX_LANGUAGE_STANDARD = "gnu++0x";
				CLANG_CXX_LIBRARY = "libc++";
				CLANG_ENABLE_MODULES = YES;
				CLANG_ENABLE_OBJC_ARC = YES;
				CLANG_WARN_BOOL_CONVERSION = YES;
				CLANG_WARN_CONSTANT_CONVERSION = YES;
				CLANG_WARN_DIRECT_OBJC_ISA_USAGE = YES_ERROR;
				CLANG_WARN_EMPTY_BODY = YES;
				CLANG_WARN_ENUM_CONVERSION = YES;
				CLANG_WARN_INT_CONVERSION = YES;
				CLANG_WARN_OBJC_ROOT_CLASS = YES_ERROR;
				CLANG_WARN_UNREACHABLE_CODE = YES;
				CLANG_WARN__DUPLICATE_METHOD_MATCH = YES;
				CODE_SIGN_IDENTITY = "-";
				COPY_PHASE_STRIP = NO;
				ENABLE_STRICT_OBJC_MSGSEND = YES;
				GCC_C_LANGUAGE_STANDARD = gnu99;
				GCC_DYNAMIC_NO_PIC = NO;
				GCC_OPTIMIZATION_LEVEL = 0;
				GCC_PREPROCESSOR_DEFINITIONS = (
					"DEBUG=1",
					"$(inherited)",
				);
				GCC_SYMBOLS_PRIVATE_EXTERN = NO;
				GCC_WARN_64_TO_32_BIT_CONVERSION = YES;
				GCC_WARN_ABOUT_RETURN_TYPE = YES_ERROR;
				GCC_WARN_UNDECLARED_SELECTOR = YES;
				GCC_WARN_UNINITIALIZED_AUTOS = YES_AGGRESSIVE;
				GCC_WARN_UNUSED_FUNCTION = YES;
				GCC_WARN_UNUSED_VARIABLE = YES;
				MACOSX_DEPLOYMENT_TARGET = 10.10;
				MTL_ENABLE_DEBUG_INFO = YES;
				ONLY_ACTIVE_ARCH = YES;
				SDKROOT = macosx;
			};
			name = Debug;
		};
		B56EB5FD1A3D01F1001DA69D /* Release */ = {
			isa = XCBuildConfiguration;
			buildSettings = {
				ALWAYS_SEARCH_USER_PATHS = NO;
				CLANG_CXX_LANGUAGE_STANDARD = "gnu++0x";
				CLANG_CXX_LIBRARY = "libc++";
				CLANG_ENABLE_MODULES = YES;
				CLANG_ENABLE_OBJC_ARC = YES;
				CLANG_WARN_BOOL_CONVERSION = YES;
				CLANG_WARN_CONSTANT_CONVERSION = YES;
				CLANG_WARN_DIRECT_OBJC_ISA_USAGE = YES_ERROR;
				CLANG_WARN_EMPTY_BODY = YES;
				CLANG_WARN_ENUM_CONVERSION = YES;
				CLANG_WARN_INT_CONVERSION = YES;
				CLANG_WARN_OBJC_ROOT_CLASS = YES_ERROR;
				CLANG_WARN_UNREACHABLE_CODE = YES;
				CLANG_WARN__DUPLICATE_METHOD_MATCH = YES;
				CODE_SIGN_IDENTITY = "-";
				COPY_PHASE_STRIP = YES;
				DEBUG_INFORMATION_FORMAT = "dwarf-with-dsym";
				ENABLE_NS_ASSERTIONS = NO;
				ENABLE_STRICT_OBJC_MSGSEND = YES;
				GCC_C_LANGUAGE_STANDARD = gnu99;
				GCC_WARN_64_TO_32_BIT_CONVERSION = YES;
				GCC_WARN_ABOUT_RETURN_TYPE = YES_ERROR;
				GCC_WARN_UNDECLARED_SELECTOR = YES;
				GCC_WARN_UNINITIALIZED_AUTOS = YES_AGGRESSIVE;
				GCC_WARN_UNUSED_FUNCTION = YES;
				GCC_WARN_UNUSED_VARIABLE = YES;
				MACOSX_DEPLOYMENT_TARGET = 10.10;
				MTL_ENABLE_DEBUG_INFO = NO;
				SDKROOT = macosx;
			};
			name = Release;
		};
		B56EB5FF1A3D01F2001DA69D /* Debug */ = {
			isa = XCBuildConfiguration;
			buildSettings = {
				ASSETCATALOG_COMPILER_APPICON_NAME = AppIcon;
				COMBINE_HIDPI_IMAGES = YES;
				INFOPLIST_FILE = MacVoikko/Info.plist;
				LD_RUNPATH_SEARCH_PATHS = "$(inherited) @executable_path/../Frameworks";
				LIBRARY_SEARCH_PATHS = (
					"$(inherited)",
					"$(PROJECT_DIR)/libs",
					/usr/local/lib,
					/usr/local/opt/libarchive/lib,
				);
				MACOSX_DEPLOYMENT_TARGET = 10.6;
				OTHER_LDFLAGS = (
					"-lglibmm-2.4",
					"-lxml++-2.6",
					"-larchive",
				);
				PRODUCT_NAME = "$(TARGET_NAME)";
				USER_HEADER_SEARCH_PATHS = corevoikko/libvoikko/src;
			};
			name = Debug;
		};
		B56EB6001A3D01F2001DA69D /* Release */ = {
			isa = XCBuildConfiguration;
			buildSettings = {
				ASSETCATALOG_COMPILER_APPICON_NAME = AppIcon;
				COMBINE_HIDPI_IMAGES = YES;
				INFOPLIST_FILE = MacVoikko/Info.plist;
				LD_RUNPATH_SEARCH_PATHS = "$(inherited) @executable_path/../Frameworks";
				LIBRARY_SEARCH_PATHS = (
					"$(inherited)",
					"$(PROJECT_DIR)/libs",
					/usr/local/lib,
					/usr/local/opt/libarchive/lib,
				);
				MACOSX_DEPLOYMENT_TARGET = 10.6;
				OTHER_LDFLAGS = (
					"-lglibmm-2.4",
					"-lxml++-2.6",
					"-larchive",
				);
				PRODUCT_NAME = "$(TARGET_NAME)";
				USER_HEADER_SEARCH_PATHS = corevoikko/libvoikko/src;
			};
			name = Release;
		};
		B56EB6021A3D01F2001DA69D /* Debug */ = {
			isa = XCBuildConfiguration;
			buildSettings = {
				BUNDLE_LOADER = "$(TEST_HOST)";
				COMBINE_HIDPI_IMAGES = YES;
				FRAMEWORK_SEARCH_PATHS = (
					"$(DEVELOPER_FRAMEWORKS_DIR)",
					"$(inherited)",
				);
				GCC_PREPROCESSOR_DEFINITIONS = (
					"DEBUG=1",
					"$(inherited)",
				);
				INFOPLIST_FILE = MacVoikkoTests/Info.plist;
				LD_RUNPATH_SEARCH_PATHS = "$(inherited) @executable_path/../Frameworks @loader_path/../Frameworks";
				PRODUCT_NAME = "$(TARGET_NAME)";
				TEST_HOST = "$(BUILT_PRODUCTS_DIR)/MacVoikko.app/Contents/MacOS/MacVoikko";
			};
			name = Debug;
		};
		B56EB6031A3D01F2001DA69D /* Release */ = {
			isa = XCBuildConfiguration;
			buildSettings = {
				BUNDLE_LOADER = "$(TEST_HOST)";
				COMBINE_HIDPI_IMAGES = YES;
				FRAMEWORK_SEARCH_PATHS = (
					"$(DEVELOPER_FRAMEWORKS_DIR)",
					"$(inherited)",
				);
				INFOPLIST_FILE = MacVoikkoTests/Info.plist;
				LD_RUNPATH_SEARCH_PATHS = "$(inherited) @executable_path/../Frameworks @loader_path/../Frameworks";
				PRODUCT_NAME = "$(TARGET_NAME)";
				TEST_HOST = "$(BUILT_PRODUCTS_DIR)/MacVoikko.app/Contents/MacOS/MacVoikko";
			};
			name = Release;
		};
/* End XCBuildConfiguration section */

/* Begin XCConfigurationList section */
		B56EB5DC1A3D01F0001DA69D /* Build configuration list for PBXProject "MacVoikko" */ = {
			isa = XCConfigurationList;
			buildConfigurations = (
				B56EB5FC1A3D01F1001DA69D /* Debug */,
				B56EB5FD1A3D01F1001DA69D /* Release */,
			);
			defaultConfigurationIsVisible = 0;
			defaultConfigurationName = Release;
		};
		B56EB5FE1A3D01F2001DA69D /* Build configuration list for PBXNativeTarget "MacVoikko" */ = {
			isa = XCConfigurationList;
			buildConfigurations = (
				B56EB5FF1A3D01F2001DA69D /* Debug */,
				B56EB6001A3D01F2001DA69D /* Release */,
			);
			defaultConfigurationIsVisible = 0;
			defaultConfigurationName = Release;
		};
		B56EB6011A3D01F2001DA69D /* Build configuration list for PBXNativeTarget "MacVoikkoTests" */ = {
			isa = XCConfigurationList;
			buildConfigurations = (
				B56EB6021A3D01F2001DA69D /* Debug */,
				B56EB6031A3D01F2001DA69D /* Release */,
			);
			defaultConfigurationIsVisible = 0;
			defaultConfigurationName = Release;
		};
/* End XCConfigurationList section */
	};
	rootObject = B56EB5D91A3D01EF001DA69D /* Project object */;
}
